{
  "version": 4,
  "terraform_version": "1.3.7",
  "serial": 10,
  "lineage": "1e12debb-f06a-c068-0a71-a7d1411816a2",
  "outputs": {},
  "resources": [
    {
      "mode": "managed",
      "type": "google_compute_firewall",
      "name": "ssh_firewall",
      "provider": "provider[\"registry.terraform.io/hashicorp/google\"]",
      "instances": [
        {
          "schema_version": 1,
          "attributes": {
            "allow": [
              {
                "ports": [
                  "22"
                ],
                "protocol": "tcp"
              }
            ],
            "creation_timestamp": "2023-01-25T12:30:42.367-08:00",
            "deny": [],
            "description": "",
            "destination_ranges": [],
            "direction": "INGRESS",
            "disabled": false,
            "enable_logging": null,
            "id": "projects/my-project-ghazooo/global/firewalls/ssh-firewall",
            "log_config": [],
            "name": "ssh-firewall",
            "network": "https://www.googleapis.com/compute/v1/projects/my-project-ghazooo/global/networks/my-vpc",
            "priority": 1000,
            "project": "my-project-ghazooo",
            "self_link": "https://www.googleapis.com/compute/v1/projects/my-project-ghazooo/global/firewalls/ssh-firewall",
            "source_ranges": [
              "0.0.0.0/0"
            ],
            "source_service_accounts": null,
            "source_tags": null,
            "target_service_accounts": null,
            "target_tags": null,
            "timeouts": null
          },
          "sensitive_attributes": [],
          "private": "eyJlMmJmYjczMC1lY2FhLTExZTYtOGY4OC0zNDM2M2JjN2M0YzAiOnsiY3JlYXRlIjoxMjAwMDAwMDAwMDAwLCJkZWxldGUiOjEyMDAwMDAwMDAwMDAsInVwZGF0ZSI6MTIwMDAwMDAwMDAwMH0sInNjaGVtYV92ZXJzaW9uIjoiMSJ9",
          "dependencies": [
            "module.network.google_compute_network.my_vpc",
            "module.network.google_compute_router.router",
            "module.network.google_compute_router_nat.nat_getway",
            "module.network.google_compute_subnetwork.management_subnet",
            "module.network.google_compute_subnetwork.restricted_subnet"
          ]
        }
      ]
    },
    {
      "mode": "managed",
      "type": "google_compute_instance",
      "name": "private_vm",
      "provider": "provider[\"registry.terraform.io/hashicorp/google\"]",
      "instances": []
    },
    {
      "mode": "managed",
      "type": "google_container_cluster",
      "name": "private_cluster",
      "provider": "provider[\"registry.terraform.io/hashicorp/google\"]",
      "instances": [
        {
          "schema_version": 1,
          "attributes": {
            "addons_config": [
              {
                "cloudrun_config": [],
                "dns_cache_config": [],
                "gce_persistent_disk_csi_driver_config": [
                  {
                    "enabled": true
                  }
                ],
                "gcp_filestore_csi_driver_config": [],
                "gke_backup_agent_config": [],
                "horizontal_pod_autoscaling": [],
                "http_load_balancing": [],
                "network_policy_config": [
                  {
                    "disabled": true
                  }
                ]
              }
            ],
            "authenticator_groups_config": [],
            "binary_authorization": [
              {
                "enabled": false,
                "evaluation_mode": ""
              }
            ],
            "cluster_autoscaling": [
              {
                "auto_provisioning_defaults": [],
                "enabled": false,
                "resource_limits": []
              }
            ],
            "cluster_ipv4_cidr": "10.112.0.0/14",
            "confidential_nodes": [],
            "cost_management_config": [],
            "database_encryption": [
              {
                "key_name": "",
                "state": "DECRYPTED"
              }
            ],
            "datapath_provider": "",
            "default_max_pods_per_node": 110,
            "default_snat_status": [
              {
                "disabled": false
              }
            ],
            "description": "",
            "dns_config": [],
            "enable_autopilot": false,
            "enable_binary_authorization": false,
            "enable_intranode_visibility": false,
            "enable_kubernetes_alpha": false,
            "enable_l4_ilb_subsetting": false,
            "enable_legacy_abac": false,
            "enable_shielded_nodes": true,
            "enable_tpu": false,
            "endpoint": "172.16.0.2",
            "gateway_api_config": [],
            "id": "projects/my-project-ghazooo/locations/us-east4-b/clusters/gke-cluster",
            "initial_node_count": 1,
            "ip_allocation_policy": [
              {
                "cluster_ipv4_cidr_block": "10.112.0.0/14",
                "cluster_secondary_range_name": "gke-gke-cluster-pods-1a948b3d",
                "services_ipv4_cidr_block": "10.116.0.0/20",
                "services_secondary_range_name": "gke-gke-cluster-services-1a948b3d"
              }
            ],
            "label_fingerprint": "a9dc16a7",
            "location": "us-east4-b",
            "logging_config": [
              {
                "enable_components": [
                  "SYSTEM_COMPONENTS",
                  "WORKLOADS"
                ]
              }
            ],
            "logging_service": "logging.googleapis.com/kubernetes",
            "maintenance_policy": [],
            "master_auth": [
              {
                "client_certificate": "",
                "client_certificate_config": [
                  {
                    "issue_client_certificate": false
                  }
                ],
                "client_key": "",
                "cluster_ca_certificate": "LS0tLS1CRUdJTiBDRVJUSUZJQ0FURS0tLS0tCk1JSUVMVENDQXBXZ0F3SUJBZ0lSQUtmZi9rblZ2N0RiRG9McklaUDBzZ2t3RFFZSktvWklodmNOQVFFTEJRQXcKTHpFdE1Dc0dBMVVFQXhNa09HUTRaR1l5WkRBdE1UWTVaUzAwWlROa0xXSTVNemd0TTJFNVlUazBPVFU0WXpaaQpNQ0FYRFRJek1ERXlOVEU1TXpBME1sb1lEekl3TlRNd01URTNNakF6TURReVdqQXZNUzB3S3dZRFZRUURFeVE0ClpEaGtaakprTUMweE5qbGxMVFJsTTJRdFlqa3pPQzB6WVRsaE9UUTVOVGhqTm1Jd2dnR2lNQTBHQ1NxR1NJYjMKRFFFQkFRVUFBNElCandBd2dnR0tBb0lCZ1FEUUsrS05HcmtiVmxyZ2JyRGFyR3NGN1Z6dFNLNWl2RS8veFFkdApDY0RDa1pQQnBkcjVzMDhZYmZ3dkZDSStBREl2S2sva25KMjNuVTB5Z1gybnZ4ZE5WUGhta2ZPMFdkcEowWm1HCk1xUUZnQ0g0NFZHWUo4T2FvMlFiOURwUUI3emlnUFgwYmFpZ1hoVXJXSWwvajV1TVNqRnNiQVRxVHV6Z2NzWFUKdzBJZzA0UVpaUkUxb0JhSitCRW1nQ1BINWV4UVBnUDhDNGFHRDBJOE5jcExnSTBQRTIrb3Q5c2xWZDdXc3AxdQovdkZrVm1IdmRVdUMrQys4UFY4WW5FaEJ3NlB0dWlNWFBOLy9mbjVlZWNITUowK0czRkIwdHpMWEhVS0d6QllqCjJUU3FkcWVGWW9jRGhPTzZHMGpnSnRiVEkxTm0zdmFtZmp4UEJhTzFPemh5MkNrbWZSZnZEbUpSY3IvS3RoOUoKLzJVNStCcDB0VVo2cUg4YldpK2JhMWIrZlgzRXVrUFYyZkR5SHU2dFU4elBINzFUaFNkM21uMmlUZTJaYkU4bgpJbWhHcFZTT0lBZm80Q2hWcDhueThRaU14T09hRGcyM1l0T1BKeVZ1Z3h6b040Tk41eTRXaGNJT1VQK2kzYnYxCmtLcjh4UGU2TlJlai93V3c0WElkRUJub0I4TUNBd0VBQWFOQ01FQXdEZ1lEVlIwUEFRSC9CQVFEQWdJRU1BOEcKQTFVZEV3RUIvd1FGTUFNQkFmOHdIUVlEVlIwT0JCWUVGSlZobGRNSUFRd2NPVW5WRGNqNWlkNWFqYmRnTUEwRwpDU3FHU0liM0RRRUJDd1VBQTRJQmdRQjFvQzFVWEVPMXdqcGFnK2gyOFlsN3lOK3dlNDg0c1RnUmhZUkFlWnVWCmYxQ2RpVzJYQkZSbklKUjJ1U3VNM2dUc1IxYU5oTEQ3dU5WcmQweFBtM1p6WkZxMFdDWFVHcWNqemhic2g0cWEKd2gyRUFPVkhhY0lsbHRpckdMS1RJaktqWTRSOCtWeEZQYW4vdlBER0x0aUJGUUZGZmJna2NGVFBMeVEyOTQvdgpFL2NjTTBndlRNOVVSbWRqdVg2SUV4TW5oZFNrUldnUXR0d29nN3RtL1FWaW0zOGcwTFZOU1FHVlY1bVhVRlNUCkR4emx4ZXljNjNaa2FWVDg4ZGpkRXF2Q1BhNVd5aWhJam0vRmkxbTU4Rm1HNmEyTmkya1BDY052d2JHb3E5TnoKZWZpWGdDY1NBdG1iU3pjZitHeHc5OU1jREZ6WXpLZzlSeWNMQzZFM0FvRC9NbFlOdnM1RFZvQWpnWWVLTWJaYwpjOHYvVHJucDFLUXM4TXdoTFh2Q3pwUTVaNzlQcHBQQ3VSdlFLZXg4Z1ZMZzdZR0xrdjc0WEFUSVdrTkdjTXg5CitlZCsyQWE4bFB1WWU0a2t4eEdIcDJWT2hVcC9Ld2FSNldnL1Y0N002emdDckFJVDRwMVA3akFyeHNEUGVxNFYKZGVYMXZhQ012RG84ZUMxcHkzUlpvT2c9Ci0tLS0tRU5EIENFUlRJRklDQVRFLS0tLS0K"
              }
            ],
            "master_authorized_networks_config": [
              {
                "cidr_blocks": [
                  {
                    "cidr_block": "10.0.0.0/24",
                    "display_name": "managment-cidr-range"
                  }
                ],
                "gcp_public_cidrs_access_enabled": false
              }
            ],
            "master_version": "1.24.8-gke.2000",
            "mesh_certificates": [],
            "min_master_version": null,
            "monitoring_config": [
              {
                "enable_components": [
                  "SYSTEM_COMPONENTS"
                ],
                "managed_prometheus": []
              }
            ],
            "monitoring_service": "monitoring.googleapis.com/kubernetes",
            "name": "gke-cluster",
            "network": "projects/my-project-ghazooo/global/networks/my-vpc",
            "network_policy": [
              {
                "enabled": false,
                "provider": "PROVIDER_UNSPECIFIED"
              }
            ],
            "networking_mode": "VPC_NATIVE",
            "node_config": [],
            "node_locations": [
              "us-east4-c"
            ],
            "node_pool": [],
            "node_pool_defaults": [
              {
                "node_config_defaults": [
                  {
                    "logging_variant": "DEFAULT"
                  }
                ]
              }
            ],
            "node_version": "1.24.8-gke.2000",
            "notification_config": [
              {
                "pubsub": [
                  {
                    "enabled": false,
                    "filter": [],
                    "topic": ""
                  }
                ]
              }
            ],
            "operation": null,
            "private_cluster_config": [
              {
                "enable_private_endpoint": true,
                "enable_private_nodes": true,
                "master_global_access_config": [
                  {
                    "enabled": false
                  }
                ],
                "master_ipv4_cidr_block": "172.16.0.0/28",
                "peering_name": "gke-n890e492ed9f8fa65eb6-de86-3ec7-peer",
                "private_endpoint": "172.16.0.2",
                "private_endpoint_subnetwork": "",
                "public_endpoint": "35.245.30.29"
              }
            ],
            "private_ipv6_google_access": "",
            "project": "my-project-ghazooo",
            "release_channel": [
              {
                "channel": "REGULAR"
              }
            ],
            "remove_default_node_pool": true,
            "resource_labels": null,
            "resource_usage_export_config": [],
            "self_link": "https://container.googleapis.com/v1/projects/my-project-ghazooo/zones/us-east4-b/clusters/gke-cluster",
            "service_external_ips_config": [
              {
                "enabled": false
              }
            ],
            "services_ipv4_cidr": "10.116.0.0/20",
            "subnetwork": "projects/my-project-ghazooo/regions/us-east4/subnetworks/restricted-subnet",
            "timeouts": null,
            "tpu_ipv4_cidr_block": "",
            "vertical_pod_autoscaling": [],
            "workload_identity_config": []
          },
          "sensitive_attributes": [],
          "private": "eyJlMmJmYjczMC1lY2FhLTExZTYtOGY4OC0zNDM2M2JjN2M0YzAiOnsiY3JlYXRlIjoyNDAwMDAwMDAwMDAwLCJkZWxldGUiOjI0MDAwMDAwMDAwMDAsInJlYWQiOjI0MDAwMDAwMDAwMDAsInVwZGF0ZSI6MzYwMDAwMDAwMDAwMH0sInNjaGVtYV92ZXJzaW9uIjoiMSJ9",
          "dependencies": [
            "module.network.google_compute_network.my_vpc",
            "module.network.google_compute_router.router",
            "module.network.google_compute_router_nat.nat_getway",
            "module.network.google_compute_subnetwork.management_subnet",
            "module.network.google_compute_subnetwork.restricted_subnet"
          ]
        }
      ]
    },
    {
      "mode": "managed",
      "type": "google_container_node_pool",
      "name": "nodepool",
      "provider": "provider[\"registry.terraform.io/hashicorp/google\"]",
      "instances": []
    },
    {
      "mode": "managed",
      "type": "google_project_iam_binding",
      "name": "service_account_iam_1",
      "provider": "provider[\"registry.terraform.io/hashicorp/google\"]",
      "instances": []
    },
    {
      "mode": "managed",
      "type": "google_project_iam_binding",
      "name": "service_account_iam_2",
      "provider": "provider[\"registry.terraform.io/hashicorp/google\"]",
      "instances": []
    },
    {
      "mode": "managed",
      "type": "google_project_iam_custom_role",
      "name": "my_role",
      "provider": "provider[\"registry.terraform.io/hashicorp/google\"]",
      "instances": [
        {
          "schema_version": 0,
          "attributes": {
            "deleted": false,
            "description": "",
            "id": "projects/my-project-ghazooo/roles/myRole",
            "name": "projects/my-project-ghazooo/roles/myRole",
            "permissions": [
              "container.clusters.get",
              "container.clusters.getCredentials",
              "container.clusters.list",
              "container.deployments.create",
              "container.deployments.get",
              "container.deployments.list",
              "container.nodes.list",
              "container.pods.list",
              "container.services.create",
              "container.services.get",
              "container.services.list",
              "resourcemanager.projects.get",
              "storage.buckets.get",
              "storage.buckets.list",
              "storage.objects.get",
              "storage.objects.list"
            ],
            "project": "my-project-ghazooo",
            "role_id": "myRole",
            "stage": "GA",
            "title": "my role"
          },
          "sensitive_attributes": [],
          "private": "bnVsbA=="
        }
      ]
    },
    {
      "module": "module.network",
      "mode": "managed",
      "type": "google_compute_network",
      "name": "my_vpc",
      "provider": "provider[\"registry.terraform.io/hashicorp/google\"]",
      "instances": [
        {
          "schema_version": 0,
          "attributes": {
            "auto_create_subnetworks": false,
            "delete_default_routes_on_create": false,
            "description": "",
            "enable_ula_internal_ipv6": false,
            "gateway_ipv4": "",
            "id": "projects/my-project-ghazooo/global/networks/my-vpc",
            "internal_ipv6_range": "",
            "mtu": 1460,
            "name": "my-vpc",
            "project": "my-project-ghazooo",
            "routing_mode": "REGIONAL",
            "self_link": "https://www.googleapis.com/compute/v1/projects/my-project-ghazooo/global/networks/my-vpc",
            "timeouts": null
          },
          "sensitive_attributes": [],
          "private": "eyJlMmJmYjczMC1lY2FhLTExZTYtOGY4OC0zNDM2M2JjN2M0YzAiOnsiY3JlYXRlIjoxMjAwMDAwMDAwMDAwLCJkZWxldGUiOjEyMDAwMDAwMDAwMDAsInVwZGF0ZSI6MTIwMDAwMDAwMDAwMH19"
        }
      ]
    },
    {
      "module": "module.network",
      "mode": "managed",
      "type": "google_compute_router",
      "name": "router",
      "provider": "provider[\"registry.terraform.io/hashicorp/google\"]",
      "instances": [
        {
          "schema_version": 0,
          "attributes": {
            "bgp": [],
            "creation_timestamp": "2023-01-25T12:30:16.332-08:00",
            "description": "",
            "encrypted_interconnect_router": false,
            "id": "projects/my-project-ghazooo/regions/us-east4/routers/my-router",
            "name": "my-router",
            "network": "https://www.googleapis.com/compute/v1/projects/my-project-ghazooo/global/networks/my-vpc",
            "project": "my-project-ghazooo",
            "region": "us-east4",
            "self_link": "https://www.googleapis.com/compute/v1/projects/my-project-ghazooo/regions/us-east4/routers/my-router",
            "timeouts": null
          },
          "sensitive_attributes": [],
          "private": "eyJlMmJmYjczMC1lY2FhLTExZTYtOGY4OC0zNDM2M2JjN2M0YzAiOnsiY3JlYXRlIjoxMjAwMDAwMDAwMDAwLCJkZWxldGUiOjEyMDAwMDAwMDAwMDAsInVwZGF0ZSI6MTIwMDAwMDAwMDAwMH19",
          "dependencies": [
            "module.network.google_compute_network.my_vpc",
            "module.network.google_compute_subnetwork.management_subnet"
          ]
        }
      ]
    },
    {
      "module": "module.network",
      "mode": "managed",
      "type": "google_compute_router_nat",
      "name": "nat_getway",
      "provider": "provider[\"registry.terraform.io/hashicorp/google\"]",
      "instances": [
        {
          "schema_version": 0,
          "attributes": {
            "drain_nat_ips": null,
            "enable_dynamic_port_allocation": false,
            "enable_endpoint_independent_mapping": true,
            "icmp_idle_timeout_sec": 30,
            "id": "my-project-ghazooo/us-east4/my-router/my-router-nat",
            "log_config": [],
            "max_ports_per_vm": 0,
            "min_ports_per_vm": 0,
            "name": "my-router-nat",
            "nat_ip_allocate_option": "AUTO_ONLY",
            "nat_ips": null,
            "project": "my-project-ghazooo",
            "region": "us-east4",
            "router": "my-router",
            "rules": [],
            "source_subnetwork_ip_ranges_to_nat": "LIST_OF_SUBNETWORKS",
            "subnetwork": [
              {
                "name": "management-subnet",
                "secondary_ip_range_names": [],
                "source_ip_ranges_to_nat": [
                  "ALL_IP_RANGES"
                ]
              }
            ],
            "tcp_established_idle_timeout_sec": 1200,
            "tcp_transitory_idle_timeout_sec": 30,
            "timeouts": null,
            "udp_idle_timeout_sec": 30
          },
          "sensitive_attributes": [],
          "private": "eyJlMmJmYjczMC1lY2FhLTExZTYtOGY4OC0zNDM2M2JjN2M0YzAiOnsiY3JlYXRlIjoxMjAwMDAwMDAwMDAwLCJkZWxldGUiOjEyMDAwMDAwMDAwMDAsInVwZGF0ZSI6MTIwMDAwMDAwMDAwMH19",
          "dependencies": [
            "module.network.google_compute_network.my_vpc",
            "module.network.google_compute_router.router",
            "module.network.google_compute_subnetwork.management_subnet"
          ]
        }
      ]
    },
    {
      "module": "module.network",
      "mode": "managed",
      "type": "google_compute_subnetwork",
      "name": "management_subnet",
      "provider": "provider[\"registry.terraform.io/hashicorp/google\"]",
      "instances": [
        {
          "schema_version": 0,
          "attributes": {
            "creation_timestamp": "2023-01-25T12:30:03.252-08:00",
            "description": "",
            "external_ipv6_prefix": "",
            "fingerprint": null,
            "gateway_address": "10.0.1.1",
            "id": "projects/my-project-ghazooo/regions/us-east4/subnetworks/management-subnet",
            "ip_cidr_range": "10.0.1.0/24",
            "ipv6_access_type": "",
            "ipv6_cidr_range": "",
            "log_config": [],
            "name": "management-subnet",
            "network": "https://www.googleapis.com/compute/v1/projects/my-project-ghazooo/global/networks/my-vpc",
            "private_ip_google_access": true,
            "private_ipv6_google_access": "DISABLE_GOOGLE_ACCESS",
            "project": "my-project-ghazooo",
            "purpose": "PRIVATE",
            "region": "us-east4",
            "role": "",
            "secondary_ip_range": [],
            "self_link": "https://www.googleapis.com/compute/v1/projects/my-project-ghazooo/regions/us-east4/subnetworks/management-subnet",
            "stack_type": "IPV4_ONLY",
            "timeouts": null
          },
          "sensitive_attributes": [],
          "private": "eyJlMmJmYjczMC1lY2FhLTExZTYtOGY4OC0zNDM2M2JjN2M0YzAiOnsiY3JlYXRlIjoxMjAwMDAwMDAwMDAwLCJkZWxldGUiOjEyMDAwMDAwMDAwMDAsInVwZGF0ZSI6MTIwMDAwMDAwMDAwMH19",
          "dependencies": [
            "module.network.google_compute_network.my_vpc"
          ]
        }
      ]
    },
    {
      "module": "module.network",
      "mode": "managed",
      "type": "google_compute_subnetwork",
      "name": "restricted_subnet",
      "provider": "provider[\"registry.terraform.io/hashicorp/google\"]",
      "instances": [
        {
          "schema_version": 0,
          "attributes": {
            "creation_timestamp": "2023-01-25T12:30:03.442-08:00",
            "description": "",
            "external_ipv6_prefix": "",
            "fingerprint": null,
            "gateway_address": "10.0.2.1",
            "id": "projects/my-project-ghazooo/regions/us-east4/subnetworks/restricted-subnet",
            "ip_cidr_range": "10.0.2.0/24",
            "ipv6_access_type": "",
            "ipv6_cidr_range": "",
            "log_config": [],
            "name": "restricted-subnet",
            "network": "https://www.googleapis.com/compute/v1/projects/my-project-ghazooo/global/networks/my-vpc",
            "private_ip_google_access": true,
            "private_ipv6_google_access": "DISABLE_GOOGLE_ACCESS",
            "project": "my-project-ghazooo",
            "purpose": "PRIVATE",
            "region": "us-east4",
            "role": "",
            "secondary_ip_range": [],
            "self_link": "https://www.googleapis.com/compute/v1/projects/my-project-ghazooo/regions/us-east4/subnetworks/restricted-subnet",
            "stack_type": "IPV4_ONLY",
            "timeouts": null
          },
          "sensitive_attributes": [],
          "private": "eyJlMmJmYjczMC1lY2FhLTExZTYtOGY4OC0zNDM2M2JjN2M0YzAiOnsiY3JlYXRlIjoxMjAwMDAwMDAwMDAwLCJkZWxldGUiOjEyMDAwMDAwMDAwMDAsInVwZGF0ZSI6MTIwMDAwMDAwMDAwMH19",
          "dependencies": [
            "module.network.google_compute_network.my_vpc"
          ]
        }
      ]
    }
  ],
  "check_results": null
}
